{
  "name": "vercelserver",
  "lockfileVersion": 3,
  "requires": true,
  "packages": {
    "": {
      "dependencies": {
        "@clickhouse/client": "^1.18.3",
        "http-proxy": "^1.18.1"
      }
    },
    "node_modules/@clickhouse/client": {
      "version": "1.18.3",
      "resolved": "https://registry.npmjs.org/@clickhouse/client/-/client-1.18.3.tgz",
      "integrity": "sha512-340ngdYktL8PLUBK2QKSwe0o02tYfZSz1mSn1uXCEU8TxHvwh9pnQxElf9YHumDGj5gX/IdgxPsJTGMs82Hgug==",
      "license": "Apache-2.0",
      "dependencies": {
        "@clickhouse/client-common": "1.18.3"
      },
      "engines": {
        "node": ">=16"
      }
    },
    "node_modules/@clickhouse/client-common": {
      "version": "1.18.3",
      "resolved": "https://registry.npmjs.org/@clickhouse/client-common/-/client-common-1.18.3.tgz",
      "integrity": "sha512-3axzO3zvrsGT5PzDenxgWscltYCNRDbhaHWUgdsmcM9OnW/VnZn9EarOcZogr9P82Z0mQh+Jd2x+p2K4TFD2fA==",
      "license": "Apache-2.0"
    },
    "node_modules/eventemitter3": {
      "version": "4.0.7",
      "resolved": "https://registry.npmjs.org/eventemitter3/-/eventemitter3-4.0.7.tgz",
      "integrity": "sha512-8guHBZCwKnFhYdHr2ysuRWErTwhoN2X8XELRlrRwpmfeY2jjuUN4taQMsULKUVo1K4DvZl+0pgfyoysHxvmvEw=="
    },
    "node_modules/follow-redirects": {
      "version": "1.15.9",
      "resolved": "https://registry.npmjs.org/follow-redirects/-/follow-redirects-1.15.9.tgz",
      "integrity": "sha512-gew4GsXizNgdoRyqmyfMHyAmXsZDk6mHkSxZFCzW9gwlbtOW44CDtYavM+y+72qD/Vq2l550kMF52DT8fOLJqQ==",
      "funding": [
        {
          "type": "individual",
          "url": "https://github.com/sponsors/RubenVerborgh"
        }
      ],
      "engines": {
        "node": ">=4.0"
      },
      "peerDependenciesMeta": {
        "debug": {
          "optional": true
        }
      }
    },
    "node_modules/http-proxy": {
      "version": "1.18.1",
      "resolved": "https://registry.npmjs.org/http-proxy/-/http-proxy-1.18.1.tgz",
      "integrity": "sha512-7mz/721AbnJwIVbnaSv1Cz3Am0ZLT/UBwkC92VlxhXv/k/BBQfM2fXElQNC27BVGr0uwUpplYPQM9LnaBMR5NQ==",
      "dependencies": {
        "eventemitter3": "^4.0.0",
        "follow-redirects": "^1.0.0",
        "requires-port": "^1.0.0"
      },
      "engines": {
        "node": ">=8.0.0"
      }
    },
    "node_modules/requires-port": {
      "version": "1.0.0",
      "resolved": "https://registry.npmjs.org/requires-port/-/requires-port-1.0.0.tgz",
      "integrity": "sha512-KigOCHcocU3XODJxsu8i/j8T9tzT4adHiecwORRQ0ZZFcp7ahwXuRU1m+yuO90C5ZUyGeGfocHDI14M3L3yDAQ=="
    }
  }
}
